// !$*UTF8*$!
{
	archiveVersion = 1;
	classes = {
	};
	objectVersion = 50;
	objects = {

/* Begin PBXBuildFile section */
		5B23CD792570DEDD00402BC7 /* AppDelegate.m in Sources */ = {isa = PBXBuildFile; fileRef = 5B23CD782570DEDD00402BC7 /* AppDelegate.m */; };
		5B23CD7C2570DEDD00402BC7 /* SceneDelegate.m in Sources */ = {isa = PBXBuildFile; fileRef = 5B23CD7B2570DEDD00402BC7 /* SceneDelegate.m */; };
		5B23CD7F2570DEDD00402BC7 /* ViewController.m in Sources */ = {isa = PBXBuildFile; fileRef = 5B23CD7E2570DEDD00402BC7 /* ViewController.m */; };
		5B23CD822570DEDD00402BC7 /* Main.storyboard in Resources */ = {isa = PBXBuildFile; fileRef = 5B23CD802570DEDD00402BC7 /* Main.storyboard */; };
		5B23CD842570DEE000402BC7 /* Assets.xcassets in Resources */ = {isa = PBXBuildFile; fileRef = 5B23CD832570DEE000402BC7 /* Assets.xcassets */; };
		5B23CD872570DEE000402BC7 /* LaunchScreen.storyboard in Resources */ = {isa = PBXBuildFile; fileRef = 5B23CD852570DEE000402BC7 /* LaunchScreen.storyboard */; };
		5B23CD8A2570DEE000402BC7 /* main.m in Sources */ = {isa = PBXBuildFile; fileRef = 5B23CD892570DEE000402BC7 /* main.m */; };
		5B23CDC52575E62C00402BC7 /* HYJADCrashPeople.m in Sources */ = {isa = PBXBuildFile; fileRef = 5B23CDC42575E62C00402BC7 /* HYJADCrashPeople.m */; };
		5B23CDC9257616E900402BC7 /* HYJADCrashTest.m in Sources */ = {isa = PBXBuildFile; fileRef = 5B23CDC8257616E900402BC7 /* HYJADCrashTest.m */; };
		5B23CDCC257618B500402BC7 /* HYJADCrashTestTwo.m in Sources */ = {isa = PBXBuildFile; fileRef = 5B23CDCB257618B500402BC7 /* HYJADCrashTestTwo.m */; };
		5B23CDCF2577868700402BC7 /* HYJADCrashViewController.m in Sources */ = {isa = PBXBuildFile; fileRef = 5B23CDCE2577868700402BC7 /* HYJADCrashViewController.m */; };
		5B491A1325834D9100642488 /* HYJADCrashLoginViewController.m in Sources */ = {isa = PBXBuildFile; fileRef = 5B491A1225834D9100642488 /* HYJADCrashLoginViewController.m */; };
		5B491A1625834E3200642488 /* HYJADCrashLoginView.m in Sources */ = {isa = PBXBuildFile; fileRef = 5B491A1525834E3200642488 /* HYJADCrashLoginView.m */; };
		5B491A1C2583537C00642488 /* HYJADCrashDeviceInfo.m in Sources */ = {isa = PBXBuildFile; fileRef = 5B491A1B2583537C00642488 /* HYJADCrashDeviceInfo.m */; };
		5B491A1F258734A600642488 /* HYJADCrashLoginModel.m in Sources */ = {isa = PBXBuildFile; fileRef = 5B491A1E258734A600642488 /* HYJADCrashLoginModel.m */; };
		5B491A22258735C400642488 /* HYJADCrashUserInfo.m in Sources */ = {isa = PBXBuildFile; fileRef = 5B491A21258735C400642488 /* HYJADCrashUserInfo.m */; };
		5B491A25258738E800642488 /* HYJADCrashLoginVM.m in Sources */ = {isa = PBXBuildFile; fileRef = 5B491A24258738E800642488 /* HYJADCrashLoginVM.m */; };
		5BDA4C7B2589D5A5006665BD /* NSObject+HYJADCrashPrevent.m in Sources */ = {isa = PBXBuildFile; fileRef = 5BDA4C602589D5A5006665BD /* NSObject+HYJADCrashPrevent.m */; settings = {COMPILER_FLAGS = "-fno-objc-arc"; }; };
		5BDA4C7C2589D5A5006665BD /* UIView+HYJADCrash.m in Sources */ = {isa = PBXBuildFile; fileRef = 5BDA4C612589D5A5006665BD /* UIView+HYJADCrash.m */; };
		5BDA4C7D2589D5A5006665BD /* HYJADCrashCollectManager.m in Sources */ = {isa = PBXBuildFile; fileRef = 5BDA4C642589D5A5006665BD /* HYJADCrashCollectManager.m */; };
		5BDA4C7E2589D5A5006665BD /* NSTimer+HYJADCrash.m in Sources */ = {isa = PBXBuildFile; fileRef = 5BDA4C652589D5A5006665BD /* NSTimer+HYJADCrash.m */; };
		5BDA4C7F2589D5A5006665BD /* HYJADCrashPhone.m in Sources */ = {isa = PBXBuildFile; fileRef = 5BDA4C662589D5A5006665BD /* HYJADCrashPhone.m */; };
		5BDA4C802589D5A6006665BD /* HYJADCrashReachability.m in Sources */ = {isa = PBXBuildFile; fileRef = 5BDA4C672589D5A5006665BD /* HYJADCrashReachability.m */; };
		5BDA4C812589D5A6006665BD /* NSMutableArray+HYJADCrash.m in Sources */ = {isa = PBXBuildFile; fileRef = 5BDA4C6E2589D5A5006665BD /* NSMutableArray+HYJADCrash.m */; };
		5BDA4C822589D5A6006665BD /* HYJADCrashCollect.m in Sources */ = {isa = PBXBuildFile; fileRef = 5BDA4C6F2589D5A5006665BD /* HYJADCrashCollect.m */; };
		5BDA4C832589D5A6006665BD /* NSObject+HYJADCrashSwizzleHook.m in Sources */ = {isa = PBXBuildFile; fileRef = 5BDA4C722589D5A5006665BD /* NSObject+HYJADCrashSwizzleHook.m */; };
		5BDA4C842589D5A6006665BD /* NSMutableString+HYJADCrash.m in Sources */ = {isa = PBXBuildFile; fileRef = 5BDA4C732589D5A5006665BD /* NSMutableString+HYJADCrash.m */; };
		5BDA4C852589D5A6006665BD /* NSMutableDictionary+HYJADCrash.m in Sources */ = {isa = PBXBuildFile; fileRef = 5BDA4C752589D5A5006665BD /* NSMutableDictionary+HYJADCrash.m */; };
		5BDA4C862589D5A6006665BD /* NSDictionary+HYJADCrash.m in Sources */ = {isa = PBXBuildFile; fileRef = 5BDA4C782589D5A5006665BD /* NSDictionary+HYJADCrash.m */; };
		5BDA4C872589D5A6006665BD /* NSArray+HYJADCrash.m in Sources */ = {isa = PBXBuildFile; fileRef = 5BDA4C792589D5A5006665BD /* NSArray+HYJADCrash.m */; };
		5BDA4C882589D5A6006665BD /* NSString+HYJADCrash.m in Sources */ = {isa = PBXBuildFile; fileRef = 5BDA4C7A2589D5A5006665BD /* NSString+HYJADCrash.m */; };
		5BDA4D28258F276D006665BD /* HYJADCrashTouchEventTestViewController.m in Sources */ = {isa = PBXBuildFile; fileRef = 5BDA4D27258F276D006665BD /* HYJADCrashTouchEventTestViewController.m */; };
		5BDA4D2B258F2783006665BD /* AView.m in Sources */ = {isa = PBXBuildFile; fileRef = 5BDA4D2A258F2783006665BD /* AView.m */; };
		5BDA4D2E258F2793006665BD /* BView.m in Sources */ = {isa = PBXBuildFile; fileRef = 5BDA4D2D258F2793006665BD /* BView.m */; };
		5BDA4D31258F279C006665BD /* CView.m in Sources */ = {isa = PBXBuildFile; fileRef = 5BDA4D30258F279C006665BD /* CView.m */; };
		5BDA4D34258F290F006665BD /* DView.m in Sources */ = {isa = PBXBuildFile; fileRef = 5BDA4D33258F290F006665BD /* DView.m */; };
		5BDA4D37258F3287006665BD /* HYJADCrashTapGestureRecognizer.m in Sources */ = {isa = PBXBuildFile; fileRef = 5BDA4D36258F3287006665BD /* HYJADCrashTapGestureRecognizer.m */; };
/* End PBXBuildFile section */

/* Begin PBXFileReference section */
		5B23CD742570DEDD00402BC7 /* HYJADCrashDemo.app */ = {isa = PBXFileReference; explicitFileType = wrapper.application; includeInIndex = 0; path = HYJADCrashDemo.app; sourceTree = BUILT_PRODUCTS_DIR; };
		5B23CD772570DEDD00402BC7 /* AppDelegate.h */ = {isa = PBXFileReference; lastKnownFileType = sourcecode.c.h; path = AppDelegate.h; sourceTree = "<group>"; };
		5B23CD782570DEDD00402BC7 /* AppDelegate.m */ = {isa = PBXFileReference; lastKnownFileType = sourcecode.c.objc; path = AppDelegate.m; sourceTree = "<group>"; };
		5B23CD7A2570DEDD00402BC7 /* SceneDelegate.h */ = {isa = PBXFileReference; lastKnownFileType = sourcecode.c.h; path = SceneDelegate.h; sourceTree = "<group>"; };
		5B23CD7B2570DEDD00402BC7 /* SceneDelegate.m */ = {isa = PBXFileReference; lastKnownFileType = sourcecode.c.objc; path = SceneDelegate.m; sourceTree = "<group>"; };
		5B23CD7D2570DEDD00402BC7 /* ViewController.h */ = {isa = PBXFileReference; lastKnownFileType = sourcecode.c.h; path = ViewController.h; sourceTree = "<group>"; };
		5B23CD7E2570DEDD00402BC7 /* ViewController.m */ = {isa = PBXFileReference; lastKnownFileType = sourcecode.c.objc; path = ViewController.m; sourceTree = "<group>"; };
		5B23CD812570DEDD00402BC7 /* Base */ = {isa = PBXFileReference; lastKnownFileType = file.storyboard; name = Base; path = Base.lproj/Main.storyboard; sourceTree = "<group>"; };
		5B23CD832570DEE000402BC7 /* Assets.xcassets */ = {isa = PBXFileReference; lastKnownFileType = folder.assetcatalog; path = Assets.xcassets; sourceTree = "<group>"; };
		5B23CD862570DEE000402BC7 /* Base */ = {isa = PBXFileReference; lastKnownFileType = file.storyboard; name = Base; path = Base.lproj/LaunchScreen.storyboard; sourceTree = "<group>"; };
		5B23CD882570DEE000402BC7 /* Info.plist */ = {isa = PBXFileReference; lastKnownFileType = text.plist.xml; path = Info.plist; sourceTree = "<group>"; };
		5B23CD892570DEE000402BC7 /* main.m */ = {isa = PBXFileReference; lastKnownFileType = sourcecode.c.objc; path = main.m; sourceTree = "<group>"; };
		5B23CDC32575E62C00402BC7 /* HYJADCrashPeople.h */ = {isa = PBXFileReference; lastKnownFileType = sourcecode.c.h; path = HYJADCrashPeople.h; sourceTree = "<group>"; };
		5B23CDC42575E62C00402BC7 /* HYJADCrashPeople.m */ = {isa = PBXFileReference; lastKnownFileType = sourcecode.c.objc; path = HYJADCrashPeople.m; sourceTree = "<group>"; };
		5B23CDC7257616E800402BC7 /* HYJADCrashTest.h */ = {isa = PBXFileReference; lastKnownFileType = sourcecode.c.h; path = HYJADCrashTest.h; sourceTree = "<group>"; };
		5B23CDC8257616E900402BC7 /* HYJADCrashTest.m */ = {isa = PBXFileReference; lastKnownFileType = sourcecode.c.objc; path = HYJADCrashTest.m; sourceTree = "<group>"; };
		5B23CDCA257618B500402BC7 /* HYJADCrashTestTwo.h */ = {isa = PBXFileReference; lastKnownFileType = sourcecode.c.h; path = HYJADCrashTestTwo.h; sourceTree = "<group>"; };
		5B23CDCB257618B500402BC7 /* HYJADCrashTestTwo.m */ = {isa = PBXFileReference; lastKnownFileType = sourcecode.c.objc; path = HYJADCrashTestTwo.m; sourceTree = "<group>"; };
		5B23CDCD2577868700402BC7 /* HYJADCrashViewController.h */ = {isa = PBXFileReference; lastKnownFileType = sourcecode.c.h; path = HYJADCrashViewController.h; sourceTree = "<group>"; };
		5B23CDCE2577868700402BC7 /* HYJADCrashViewController.m */ = {isa = PBXFileReference; lastKnownFileType = sourcecode.c.objc; path = HYJADCrashViewController.m; sourceTree = "<group>"; };
		5B4919BC257F833000642488 /* NSObject+HYJADCrashCancelDelayed.h */ = {isa = PBXFileReference; lastKnownFileType = sourcecode.c.h; path = "NSObject+HYJADCrashCancelDelayed.h"; sourceTree = "<group>"; };
		5B491A0925821D7B00642488 /* smlxs2.jpeg */ = {isa = PBXFileReference; lastKnownFileType = image.jpeg; name = smlxs2.jpeg; path = HYJADCrashBundle/smlxs2.jpeg; sourceTree = SOURCE_ROOT; };
		5B491A1125834D9100642488 /* HYJADCrashLoginViewController.h */ = {isa = PBXFileReference; lastKnownFileType = sourcecode.c.h; path = HYJADCrashLoginViewController.h; sourceTree = "<group>"; };
		5B491A1225834D9100642488 /* HYJADCrashLoginViewController.m */ = {isa = PBXFileReference; lastKnownFileType = sourcecode.c.objc; path = HYJADCrashLoginViewController.m; sourceTree = "<group>"; };
		5B491A1425834E3200642488 /* HYJADCrashLoginView.h */ = {isa = PBXFileReference; lastKnownFileType = sourcecode.c.h; path = HYJADCrashLoginView.h; sourceTree = "<group>"; };
		5B491A1525834E3200642488 /* HYJADCrashLoginView.m */ = {isa = PBXFileReference; lastKnownFileType = sourcecode.c.objc; path = HYJADCrashLoginView.m; sourceTree = "<group>"; };
		5B491A182583519500642488 /* HYJADCrash.pch */ = {isa = PBXFileReference; lastKnownFileType = sourcecode.c.h; path = HYJADCrash.pch; sourceTree = "<group>"; };
		5B491A1A2583537C00642488 /* HYJADCrashDeviceInfo.h */ = {isa = PBXFileReference; lastKnownFileType = sourcecode.c.h; path = HYJADCrashDeviceInfo.h; sourceTree = "<group>"; };
		5B491A1B2583537C00642488 /* HYJADCrashDeviceInfo.m */ = {isa = PBXFileReference; lastKnownFileType = sourcecode.c.objc; path = HYJADCrashDeviceInfo.m; sourceTree = "<group>"; };
		5B491A1D258734A600642488 /* HYJADCrashLoginModel.h */ = {isa = PBXFileReference; lastKnownFileType = sourcecode.c.h; path = HYJADCrashLoginModel.h; sourceTree = "<group>"; };
		5B491A1E258734A600642488 /* HYJADCrashLoginModel.m */ = {isa = PBXFileReference; lastKnownFileType = sourcecode.c.objc; path = HYJADCrashLoginModel.m; sourceTree = "<group>"; };
		5B491A20258735C400642488 /* HYJADCrashUserInfo.h */ = {isa = PBXFileReference; lastKnownFileType = sourcecode.c.h; path = HYJADCrashUserInfo.h; sourceTree = "<group>"; };
		5B491A21258735C400642488 /* HYJADCrashUserInfo.m */ = {isa = PBXFileReference; lastKnownFileType = sourcecode.c.objc; path = HYJADCrashUserInfo.m; sourceTree = "<group>"; };
		5B491A23258738E800642488 /* HYJADCrashLoginVM.h */ = {isa = PBXFileReference; lastKnownFileType = sourcecode.c.h; path = HYJADCrashLoginVM.h; sourceTree = "<group>"; };
		5B491A24258738E800642488 /* HYJADCrashLoginVM.m */ = {isa = PBXFileReference; lastKnownFileType = sourcecode.c.objc; path = HYJADCrashLoginVM.m; sourceTree = "<group>"; };
		5BDA4C5E2589D5A5006665BD /* HYJADCrashCollect.h */ = {isa = PBXFileReference; fileEncoding = 4; lastKnownFileType = sourcecode.c.h; path = HYJADCrashCollect.h; sourceTree = "<group>"; };
		5BDA4C5F2589D5A5006665BD /* NSMutableArray+HYJADCrash.h */ = {isa = PBXFileReference; fileEncoding = 4; lastKnownFileType = sourcecode.c.h; path = "NSMutableArray+HYJADCrash.h"; sourceTree = "<group>"; };
		5BDA4C602589D5A5006665BD /* NSObject+HYJADCrashPrevent.m */ = {isa = PBXFileReference; fileEncoding = 4; lastKnownFileType = sourcecode.c.objc; path = "NSObject+HYJADCrashPrevent.m"; sourceTree = "<group>"; };
		5BDA4C612589D5A5006665BD /* UIView+HYJADCrash.m */ = {isa = PBXFileReference; fileEncoding = 4; lastKnownFileType = sourcecode.c.objc; path = "UIView+HYJADCrash.m"; sourceTree = "<group>"; };
		5BDA4C622589D5A5006665BD /* NSMutableString+HYJADCrash.h */ = {isa = PBXFileReference; fileEncoding = 4; lastKnownFileType = sourcecode.c.h; path = "NSMutableString+HYJADCrash.h"; sourceTree = "<group>"; };
		5BDA4C632589D5A5006665BD /* NSObject+HYJADCrashSwizzleHook.h */ = {isa = PBXFileReference; fileEncoding = 4; lastKnownFileType = sourcecode.c.h; path = "NSObject+HYJADCrashSwizzleHook.h"; sourceTree = "<group>"; };
		5BDA4C642589D5A5006665BD /* HYJADCrashCollectManager.m */ = {isa = PBXFileReference; fileEncoding = 4; lastKnownFileType = sourcecode.c.objc; path = HYJADCrashCollectManager.m; sourceTree = "<group>"; };
		5BDA4C652589D5A5006665BD /* NSTimer+HYJADCrash.m */ = {isa = PBXFileReference; fileEncoding = 4; lastKnownFileType = sourcecode.c.objc; path = "NSTimer+HYJADCrash.m"; sourceTree = "<group>"; };
		5BDA4C662589D5A5006665BD /* HYJADCrashPhone.m */ = {isa = PBXFileReference; fileEncoding = 4; lastKnownFileType = sourcecode.c.objc; path = HYJADCrashPhone.m; sourceTree = "<group>"; };
		5BDA4C672589D5A5006665BD /* HYJADCrashReachability.m */ = {isa = PBXFileReference; fileEncoding = 4; lastKnownFileType = sourcecode.c.objc; path = HYJADCrashReachability.m; sourceTree = "<group>"; };
		5BDA4C682589D5A5006665BD /* NSMutableDictionary+HYJADCrash.h */ = {isa = PBXFileReference; fileEncoding = 4; lastKnownFileType = sourcecode.c.h; path = "NSMutableDictionary+HYJADCrash.h"; sourceTree = "<group>"; };
		5BDA4C692589D5A5006665BD /* NSString+HYJADCrash.h */ = {isa = PBXFileReference; fileEncoding = 4; lastKnownFileType = sourcecode.c.h; path = "NSString+HYJADCrash.h"; sourceTree = "<group>"; };
		5BDA4C6A2589D5A5006665BD /* NSArray+HYJADCrash.h */ = {isa = PBXFileReference; fileEncoding = 4; lastKnownFileType = sourcecode.c.h; path = "NSArray+HYJADCrash.h"; sourceTree = "<group>"; };
		5BDA4C6B2589D5A5006665BD /* NSDictionary+HYJADCrash.h */ = {isa = PBXFileReference; fileEncoding = 4; lastKnownFileType = sourcecode.c.h; path = "NSDictionary+HYJADCrash.h"; sourceTree = "<group>"; };
		5BDA4C6C2589D5A5006665BD /* HJYADCrash.h */ = {isa = PBXFileReference; fileEncoding = 4; lastKnownFileType = sourcecode.c.h; path = HJYADCrash.h; sourceTree = "<group>"; };
		5BDA4C6D2589D5A5006665BD /* NSObject+HYJADCrashPrevent.h */ = {isa = PBXFileReference; fileEncoding = 4; lastKnownFileType = sourcecode.c.h; path = "NSObject+HYJADCrashPrevent.h"; sourceTree = "<group>"; };
		5BDA4C6E2589D5A5006665BD /* NSMutableArray+HYJADCrash.m */ = {isa = PBXFileReference; fileEncoding = 4; lastKnownFileType = sourcecode.c.objc; path = "NSMutableArray+HYJADCrash.m"; sourceTree = "<group>"; };
		5BDA4C6F2589D5A5006665BD /* HYJADCrashCollect.m */ = {isa = PBXFileReference; fileEncoding = 4; lastKnownFileType = sourcecode.c.objc; path = HYJADCrashCollect.m; sourceTree = "<group>"; };
		5BDA4C702589D5A5006665BD /* NSTimer+HYJADCrash.h */ = {isa = PBXFileReference; fileEncoding = 4; lastKnownFileType = sourcecode.c.h; path = "NSTimer+HYJADCrash.h"; sourceTree = "<group>"; };
		5BDA4C712589D5A5006665BD /* HYJADCrashCollectManager.h */ = {isa = PBXFileReference; fileEncoding = 4; lastKnownFileType = sourcecode.c.h; path = HYJADCrashCollectManager.h; sourceTree = "<group>"; };
		5BDA4C722589D5A5006665BD /* NSObject+HYJADCrashSwizzleHook.m */ = {isa = PBXFileReference; fileEncoding = 4; lastKnownFileType = sourcecode.c.objc; path = "NSObject+HYJADCrashSwizzleHook.m"; sourceTree = "<group>"; };
		5BDA4C732589D5A5006665BD /* NSMutableString+HYJADCrash.m */ = {isa = PBXFileReference; fileEncoding = 4; lastKnownFileType = sourcecode.c.objc; path = "NSMutableString+HYJADCrash.m"; sourceTree = "<group>"; };
		5BDA4C742589D5A5006665BD /* UIView+HYJADCrash.h */ = {isa = PBXFileReference; fileEncoding = 4; lastKnownFileType = sourcecode.c.h; path = "UIView+HYJADCrash.h"; sourceTree = "<group>"; };
		5BDA4C752589D5A5006665BD /* NSMutableDictionary+HYJADCrash.m */ = {isa = PBXFileReference; fileEncoding = 4; lastKnownFileType = sourcecode.c.objc; path = "NSMutableDictionary+HYJADCrash.m"; sourceTree = "<group>"; };
		5BDA4C762589D5A5006665BD /* HYJADCrashPhone.h */ = {isa = PBXFileReference; fileEncoding = 4; lastKnownFileType = sourcecode.c.h; path = HYJADCrashPhone.h; sourceTree = "<group>"; };
		5BDA4C772589D5A5006665BD /* HYJADCrashReachability.h */ = {isa = PBXFileReference; fileEncoding = 4; lastKnownFileType = sourcecode.c.h; path = HYJADCrashReachability.h; sourceTree = "<group>"; };
		5BDA4C782589D5A5006665BD /* NSDictionary+HYJADCrash.m */ = {isa = PBXFileReference; fileEncoding = 4; lastKnownFileType = sourcecode.c.objc; path = "NSDictionary+HYJADCrash.m"; sourceTree = "<group>"; };
		5BDA4C792589D5A5006665BD /* NSArray+HYJADCrash.m */ = {isa = PBXFileReference; fileEncoding = 4; lastKnownFileType = sourcecode.c.objc; path = "NSArray+HYJADCrash.m"; sourceTree = "<group>"; };
		5BDA4C7A2589D5A5006665BD /* NSString+HYJADCrash.m */ = {isa = PBXFileReference; fileEncoding = 4; lastKnownFileType = sourcecode.c.objc; path = "NSString+HYJADCrash.m"; sourceTree = "<group>"; };
		5BDA4D26258F276D006665BD /* HYJADCrashTouchEventTestViewController.h */ = {isa = PBXFileReference; lastKnownFileType = sourcecode.c.h; path = HYJADCrashTouchEventTestViewController.h; sourceTree = "<group>"; };
		5BDA4D27258F276D006665BD /* HYJADCrashTouchEventTestViewController.m */ = {isa = PBXFileReference; lastKnownFileType = sourcecode.c.objc; path = HYJADCrashTouchEventTestViewController.m; sourceTree = "<group>"; };
		5BDA4D29258F2783006665BD /* AView.h */ = {isa = PBXFileReference; lastKnownFileType = sourcecode.c.h; path = AView.h; sourceTree = "<group>"; };
		5BDA4D2A258F2783006665BD /* AView.m */ = {isa = PBXFileReference; lastKnownFileType = sourcecode.c.objc; path = AView.m; sourceTree = "<group>"; };
		5BDA4D2C258F2793006665BD /* BView.h */ = {isa = PBXFileReference; lastKnownFileType = sourcecode.c.h; path = BView.h; sourceTree = "<group>"; };
		5BDA4D2D258F2793006665BD /* BView.m */ = {isa = PBXFileReference; lastKnownFileType = sourcecode.c.objc; path = BView.m; sourceTree = "<group>"; };
		5BDA4D2F258F279C006665BD /* CView.h */ = {isa = PBXFileReference; lastKnownFileType = sourcecode.c.h; path = CView.h; sourceTree = "<group>"; };
		5BDA4D30258F279C006665BD /* CView.m */ = {isa = PBXFileReference; lastKnownFileType = sourcecode.c.objc; path = CView.m; sourceTree = "<group>"; };
		5BDA4D32258F290F006665BD /* DView.h */ = {isa = PBXFileReference; lastKnownFileType = sourcecode.c.h; path = DView.h; sourceTree = "<group>"; };
		5BDA4D33258F290F006665BD /* DView.m */ = {isa = PBXFileReference; lastKnownFileType = sourcecode.c.objc; path = DView.m; sourceTree = "<group>"; };
		5BDA4D35258F3287006665BD /* HYJADCrashTapGestureRecognizer.h */ = {isa = PBXFileReference; lastKnownFileType = sourcecode.c.h; path = HYJADCrashTapGestureRecognizer.h; sourceTree = "<group>"; };
		5BDA4D36258F3287006665BD /* HYJADCrashTapGestureRecognizer.m */ = {isa = PBXFileReference; lastKnownFileType = sourcecode.c.objc; path = HYJADCrashTapGestureRecognizer.m; sourceTree = "<group>"; };
/* End PBXFileReference section */

/* Begin PBXFrameworksBuildPhase section */
		5B23CD712570DEDD00402BC7 /* Frameworks */ = {
			isa = PBXFrameworksBuildPhase;
			buildActionMask = 2147483647;
			files = (
			);
			runOnlyForDeploymentPostprocessing = 0;
		};
/* End PBXFrameworksBuildPhase section */

/* Begin PBXGroup section */
		5B23CD6B2570DEDD00402BC7 = {
			isa = PBXGroup;
			children = (
				5B23CD762570DEDD00402BC7 /* HYJADCrashDemo */,
				5B23CD752570DEDD00402BC7 /* Products */,
			);
			sourceTree = "<group>";
		};
		5B23CD752570DEDD00402BC7 /* Products */ = {
			isa = PBXGroup;
			children = (
				5B23CD742570DEDD00402BC7 /* HYJADCrashDemo.app */,
			);
			name = Products;
			sourceTree = "<group>";
		};
		5B23CD762570DEDD00402BC7 /* HYJADCrashDemo */ = {
			isa = PBXGroup;
			children = (
				5BDA4D25258F273D006665BD /* TouchEvent */,
				5BDA4C5D2589D5A5006665BD /* HYJADCrash */,
				5B491A19258351CD00642488 /* Common */,
				5B491A0C2583488700642488 /* MVVM */,
				5B4919F42582195000642488 /* Resource */,
				5B23CD772570DEDD00402BC7 /* AppDelegate.h */,
				5B23CD782570DEDD00402BC7 /* AppDelegate.m */,
				5B23CD7A2570DEDD00402BC7 /* SceneDelegate.h */,
				5B23CD7B2570DEDD00402BC7 /* SceneDelegate.m */,
				5B23CD7D2570DEDD00402BC7 /* ViewController.h */,
				5B23CD7E2570DEDD00402BC7 /* ViewController.m */,
				5B23CD802570DEDD00402BC7 /* Main.storyboard */,
				5B23CD832570DEE000402BC7 /* Assets.xcassets */,
				5B23CD852570DEE000402BC7 /* LaunchScreen.storyboard */,
				5B23CD882570DEE000402BC7 /* Info.plist */,
				5B23CD892570DEE000402BC7 /* main.m */,
				5B23CDC32575E62C00402BC7 /* HYJADCrashPeople.h */,
				5B23CDC42575E62C00402BC7 /* HYJADCrashPeople.m */,
				5B23CDCA257618B500402BC7 /* HYJADCrashTestTwo.h */,
				5B23CDCB257618B500402BC7 /* HYJADCrashTestTwo.m */,
				5B23CDC7257616E800402BC7 /* HYJADCrashTest.h */,
				5B23CDC8257616E900402BC7 /* HYJADCrashTest.m */,
				5B23CDCD2577868700402BC7 /* HYJADCrashViewController.h */,
				5B23CDCE2577868700402BC7 /* HYJADCrashViewController.m */,
				5B4919BC257F833000642488 /* NSObject+HYJADCrashCancelDelayed.h */,
				5B491A182583519500642488 /* HYJADCrash.pch */,
			);
			path = HYJADCrashDemo;
			sourceTree = "<group>";
		};
		5B4919F42582195000642488 /* Resource */ = {
			isa = PBXGroup;
			children = (
				5B491A0925821D7B00642488 /* smlxs2.jpeg */,
			);
			name = Resource;
			sourceTree = "<group>";
		};
		5B491A0C2583488700642488 /* MVVM */ = {
			isa = PBXGroup;
			children = (
				5B491A0D25834D3A00642488 /* Login */,
			);
			path = MVVM;
			sourceTree = "<group>";
		};
		5B491A0D25834D3A00642488 /* Login */ = {
			isa = PBXGroup;
			children = (
				5B491A0E25834D5200642488 /* ViewModel */,
				5B491A0F25834D5C00642488 /* View */,
				5B491A1025834D6400642488 /* Model */,
				5B491A1125834D9100642488 /* HYJADCrashLoginViewController.h */,
				5B491A1225834D9100642488 /* HYJADCrashLoginViewController.m */,
			);
			path = Login;
			sourceTree = "<group>";
		};
		5B491A0E25834D5200642488 /* ViewModel */ = {
			isa = PBXGroup;
			children = (
				5B491A23258738E800642488 /* HYJADCrashLoginVM.h */,
				5B491A24258738E800642488 /* HYJADCrashLoginVM.m */,
			);
			path = ViewModel;
			sourceTree = "<group>";
		};
		5B491A0F25834D5C00642488 /* View */ = {
			isa = PBXGroup;
			children = (
				5B491A1425834E3200642488 /* HYJADCrashLoginView.h */,
				5B491A1525834E3200642488 /* HYJADCrashLoginView.m */,
			);
			path = View;
			sourceTree = "<group>";
		};
		5B491A1025834D6400642488 /* Model */ = {
			isa = PBXGroup;
			children = (
				5B491A1D258734A600642488 /* HYJADCrashLoginModel.h */,
				5B491A1E258734A600642488 /* HYJADCrashLoginModel.m */,
				5B491A20258735C400642488 /* HYJADCrashUserInfo.h */,
				5B491A21258735C400642488 /* HYJADCrashUserInfo.m */,
			);
			path = Model;
			sourceTree = "<group>";
		};
		5B491A19258351CD00642488 /* Common */ = {
			isa = PBXGroup;
			children = (
				5B491A1A2583537C00642488 /* HYJADCrashDeviceInfo.h */,
				5B491A1B2583537C00642488 /* HYJADCrashDeviceInfo.m */,
			);
			path = Common;
			sourceTree = "<group>";
		};
		5BDA4C5D2589D5A5006665BD /* HYJADCrash */ = {
			isa = PBXGroup;
			children = (
				5BDA4C6C2589D5A5006665BD /* HJYADCrash.h */,
				5BDA4C922589D6AF006665BD /* Reachability */,
				5BDA4C912589D68E006665BD /* NSObject */,
				5BDA4C902589D67B006665BD /* NSTimer */,
				5BDA4C8F2589D652006665BD /* String */,
				5BDA4C8E2589D640006665BD /* Dictionary */,
				5BDA4C8D2589D632006665BD /* Array */,
				5BDA4C8A2589D5EB006665BD /* UIView */,
				5BDA4C5E2589D5A5006665BD /* HYJADCrashCollect.h */,
				5BDA4C6F2589D5A5006665BD /* HYJADCrashCollect.m */,
				5BDA4C762589D5A5006665BD /* HYJADCrashPhone.h */,
				5BDA4C662589D5A5006665BD /* HYJADCrashPhone.m */,
				5BDA4C712589D5A5006665BD /* HYJADCrashCollectManager.h */,
				5BDA4C642589D5A5006665BD /* HYJADCrashCollectManager.m */,
			);
			path = HYJADCrash;
			sourceTree = SOURCE_ROOT;
		};
		5BDA4C8A2589D5EB006665BD /* UIView */ = {
			isa = PBXGroup;
			children = (
				5BDA4C742589D5A5006665BD /* UIView+HYJADCrash.h */,
				5BDA4C612589D5A5006665BD /* UIView+HYJADCrash.m */,
			);
			name = UIView;
			sourceTree = "<group>";
		};
		5BDA4C8D2589D632006665BD /* Array */ = {
			isa = PBXGroup;
			children = (
				5BDA4C5F2589D5A5006665BD /* NSMutableArray+HYJADCrash.h */,
				5BDA4C6E2589D5A5006665BD /* NSMutableArray+HYJADCrash.m */,
				5BDA4C6A2589D5A5006665BD /* NSArray+HYJADCrash.h */,
				5BDA4C792589D5A5006665BD /* NSArray+HYJADCrash.m */,
			);
			name = Array;
			sourceTree = "<group>";
		};
		5BDA4C8E2589D640006665BD /* Dictionary */ = {
			isa = PBXGroup;
			children = (
				5BDA4C682589D5A5006665BD /* NSMutableDictionary+HYJADCrash.h */,
				5BDA4C752589D5A5006665BD /* NSMutableDictionary+HYJADCrash.m */,
				5BDA4C6B2589D5A5006665BD /* NSDictionary+HYJADCrash.h */,
				5BDA4C782589D5A5006665BD /* NSDictionary+HYJADCrash.m */,
			);
			name = Dictionary;
			sourceTree = "<group>";
		};
		5BDA4C8F2589D652006665BD /* String */ = {
			isa = PBXGroup;
			children = (
				5BDA4C622589D5A5006665BD /* NSMutableString+HYJADCrash.h */,
				5BDA4C732589D5A5006665BD /* NSMutableString+HYJADCrash.m */,
				5BDA4C692589D5A5006665BD /* NSString+HYJADCrash.h */,
				5BDA4C7A2589D5A5006665BD /* NSString+HYJADCrash.m */,
			);
			name = String;
			sourceTree = "<group>";
		};
		5BDA4C902589D67B006665BD /* NSTimer */ = {
			isa = PBXGroup;
			children = (
				5BDA4C702589D5A5006665BD /* NSTimer+HYJADCrash.h */,
				5BDA4C652589D5A5006665BD /* NSTimer+HYJADCrash.m */,
			);
			name = NSTimer;
			sourceTree = "<group>";
		};
		5BDA4C912589D68E006665BD /* NSObject */ = {
			isa = PBXGroup;
			children = (
				5BDA4C632589D5A5006665BD /* NSObject+HYJADCrashSwizzleHook.h */,
				5BDA4C722589D5A5006665BD /* NSObject+HYJADCrashSwizzleHook.m */,
				5BDA4C6D2589D5A5006665BD /* NSObject+HYJADCrashPrevent.h */,
				5BDA4C602589D5A5006665BD /* NSObject+HYJADCrashPrevent.m */,
			);
			name = NSObject;
			sourceTree = "<group>";
		};
		5BDA4C922589D6AF006665BD /* Reachability */ = {
			isa = PBXGroup;
			children = (
				5BDA4C772589D5A5006665BD /* HYJADCrashReachability.h */,
				5BDA4C672589D5A5006665BD /* HYJADCrashReachability.m */,
			);
			name = Reachability;
			sourceTree = "<group>";
		};
		5BDA4D25258F273D006665BD /* TouchEvent */ = {
			isa = PBXGroup;
			children = (
				5BDA4D26258F276D006665BD /* HYJADCrashTouchEventTestViewController.h */,
				5BDA4D27258F276D006665BD /* HYJADCrashTouchEventTestViewController.m */,
				5BDA4D29258F2783006665BD /* AView.h */,
				5BDA4D2A258F2783006665BD /* AView.m */,
				5BDA4D2C258F2793006665BD /* BView.h */,
				5BDA4D2D258F2793006665BD /* BView.m */,
				5BDA4D2F258F279C006665BD /* CView.h */,
				5BDA4D30258F279C006665BD /* CView.m */,
				5BDA4D32258F290F006665BD /* DView.h */,
				5BDA4D33258F290F006665BD /* DView.m */,
				5BDA4D35258F3287006665BD /* HYJADCrashTapGestureRecognizer.h */,
				5BDA4D36258F3287006665BD /* HYJADCrashTapGestureRecognizer.m */,
			);
			path = TouchEvent;
			sourceTree = "<group>";
		};
/* End PBXGroup section */

/* Begin PBXNativeTarget section */
		5B23CD732570DEDD00402BC7 /* HYJADCrashDemo */ = {
			isa = PBXNativeTarget;
			buildConfigurationList = 5B23CD8D2570DEE100402BC7 /* Build configuration list for PBXNativeTarget "HYJADCrashDemo" */;
			buildPhases = (
				5B23CD702570DEDD00402BC7 /* Sources */,
				5B23CD712570DEDD00402BC7 /* Frameworks */,
				5B23CD722570DEDD00402BC7 /* Resources */,
			);
			buildRules = (
			);
			dependencies = (
			);
			name = HYJADCrashDemo;
			productName = HYJADCrashDemo;
			productReference = 5B23CD742570DEDD00402BC7 /* HYJADCrashDemo.app */;
			productType = "com.apple.product-type.application";
		};
/* End PBXNativeTarget section */

/* Begin PBXProject section */
		5B23CD6C2570DEDD00402BC7 /* Project object */ = {
			isa = PBXProject;
			attributes = {
				CLASSPREFIX = HYJADCrash;
				LastUpgradeCheck = 1170;
				ORGANIZATIONNAME = "何宇佳";
				TargetAttributes = {
					5B23CD732570DEDD00402BC7 = {
						CreatedOnToolsVersion = 11.7;
					};
				};
			};
			buildConfigurationList = 5B23CD6F2570DEDD00402BC7 /* Build configuration list for PBXProject "HYJADCrashDemo" */;
			compatibilityVersion = "Xcode 9.3";
			developmentRegion = en;
			hasScannedForEncodings = 0;
			knownRegions = (
				en,
				Base,
			);
			mainGroup = 5B23CD6B2570DEDD00402BC7;
			productRefGroup = 5B23CD752570DEDD00402BC7 /* Products */;
			projectDirPath = "";
			projectRoot = "";
			targets = (
				5B23CD732570DEDD00402BC7 /* HYJADCrashDemo */,
			);
		};
/* End PBXProject section */

/* Begin PBXResourcesBuildPhase section */
		5B23CD722570DEDD00402BC7 /* Resources */ = {
			isa = PBXResourcesBuildPhase;
			buildActionMask = 2147483647;
			files = (
				5B23CD872570DEE000402BC7 /* LaunchScreen.storyboard in Resources */,
				5B23CD842570DEE000402BC7 /* Assets.xcassets in Resources */,
				5B23CD822570DEDD00402BC7 /* Main.storyboard in Resources */,
			);
			runOnlyForDeploymentPostprocessing = 0;
		};
/* End PBXResourcesBuildPhase section */

/* Begin PBXSourcesBuildPhase section */
		5B23CD702570DEDD00402BC7 /* Sources */ = {
			isa = PBXSourcesBuildPhase;
			buildActionMask = 2147483647;
			files = (
				5BDA4C7D2589D5A5006665BD /* HYJADCrashCollectManager.m in Sources */,
				5B23CD7F2570DEDD00402BC7 /* ViewController.m in Sources */,
				5B491A1C2583537C00642488 /* HYJADCrashDeviceInfo.m in Sources */,
				5BDA4C822589D5A6006665BD /* HYJADCrashCollect.m in Sources */,
				5BDA4C882589D5A6006665BD /* NSString+HYJADCrash.m in Sources */,
				5B491A1625834E3200642488 /* HYJADCrashLoginView.m in Sources */,
				5BDA4D34258F290F006665BD /* DView.m in Sources */,
				5BDA4C842589D5A6006665BD /* NSMutableString+HYJADCrash.m in Sources */,
				5BDA4C812589D5A6006665BD /* NSMutableArray+HYJADCrash.m in Sources */,
				5BDA4C7C2589D5A5006665BD /* UIView+HYJADCrash.m in Sources */,
				5BDA4C802589D5A6006665BD /* HYJADCrashReachability.m in Sources */,
				5B491A25258738E800642488 /* HYJADCrashLoginVM.m in Sources */,
				5BDA4D31258F279C006665BD /* CView.m in Sources */,
				5B23CD792570DEDD00402BC7 /* AppDelegate.m in Sources */,
				5BDA4C7E2589D5A5006665BD /* NSTimer+HYJADCrash.m in Sources */,
				5B23CD8A2570DEE000402BC7 /* main.m in Sources */,
				5B491A1325834D9100642488 /* HYJADCrashLoginViewController.m in Sources */,
				5BDA4C832589D5A6006665BD /* NSObject+HYJADCrashSwizzleHook.m in Sources */,
				5B23CDCF2577868700402BC7 /* HYJADCrashViewController.m in Sources */,
				5BDA4C7B2589D5A5006665BD /* NSObject+HYJADCrashPrevent.m in Sources */,
				5BDA4C872589D5A6006665BD /* NSArray+HYJADCrash.m in Sources */,
				5BDA4C852589D5A6006665BD /* NSMutableDictionary+HYJADCrash.m in Sources */,
				5BDA4D37258F3287006665BD /* HYJADCrashTapGestureRecognizer.m in Sources */,
				5BDA4C7F2589D5A5006665BD /* HYJADCrashPhone.m in Sources */,
				5BDA4D2B258F2783006665BD /* AView.m in Sources */,
				5B23CDCC257618B500402BC7 /* HYJADCrashTestTwo.m in Sources */,
				5B23CDC52575E62C00402BC7 /* HYJADCrashPeople.m in Sources */,
				5B23CD7C2570DEDD00402BC7 /* SceneDelegate.m in Sources */,
				5BDA4D28258F276D006665BD /* HYJADCrashTouchEventTestViewController.m in Sources */,
				5BDA4D2E258F2793006665BD /* BView.m in Sources */,
				5B491A1F258734A600642488 /* HYJADCrashLoginModel.m in Sources */,
				5BDA4C862589D5A6006665BD /* NSDictionary+HYJADCrash.m in Sources */,
				5B491A22258735C400642488 /* HYJADCrashUserInfo.m in Sources */,
				5B23CDC9257616E900402BC7 /* HYJADCrashTest.m in Sources */,
			);
			runOnlyForDeploymentPostprocessing = 0;
		};
/* End PBXSourcesBuildPhase section */

/* Begin PBXVariantGroup section */
		5B23CD802570DEDD00402BC7 /* Main.storyboard */ = {
			isa = PBXVariantGroup;
			children = (
				5B23CD812570DEDD00402BC7 /* Base */,
			);
			name = Main.storyboard;
			sourceTree = "<group>";
		};
		5B23CD852570DEE000402BC7 /* LaunchScreen.storyboard */ = {
			isa = PBXVariantGroup;
			children = (
				5B23CD862570DEE000402BC7 /* Base */,
			);
			name = LaunchScreen.storyboard;
			sourceTree = "<group>";
		};
/* End PBXVariantGroup section */

/* Begin XCBuildConfiguration section */
		5B23CD8B2570DEE100402BC7 /* Debug */ = {
			isa = XCBuildConfiguration;
			buildSettings = {
				ALWAYS_SEARCH_USER_PATHS = NO;
				CLANG_ANALYZER_NONNULL = YES;
				CLANG_ANALYZER_NUMBER_OBJECT_CONVERSION = YES_AGGRESSIVE;
				CLANG_CXX_LANGUAGE_STANDARD = "gnu++14";
				CLANG_CXX_LIBRARY = "libc++";
				CLANG_ENABLE_MODULES = YES;
				CLANG_ENABLE_OBJC_ARC = YES;
				CLANG_ENABLE_OBJC_WEAK = YES;
				CLANG_WARN_BLOCK_CAPTURE_AUTORELEASING = YES;
				CLANG_WARN_BOOL_CONVERSION = YES;
				CLANG_WARN_COMMA = YES;
				CLANG_WARN_CONSTANT_CONVERSION = YES;
				CLANG_WARN_DEPRECATED_OBJC_IMPLEMENTATIONS = YES;
				CLANG_WARN_DIRECT_OBJC_ISA_USAGE = YES_ERROR;
				CLANG_WARN_DOCUMENTATION_COMMENTS = YES;
				CLANG_WARN_EMPTY_BODY = YES;
				CLANG_WARN_ENUM_CONVERSION = YES;
				CLANG_WARN_INFINITE_RECURSION = YES;
				CLANG_WARN_INT_CONVERSION = YES;
				CLANG_WARN_NON_LITERAL_NULL_CONVERSION = YES;
				CLANG_WARN_OBJC_IMPLICIT_RETAIN_SELF = YES;
				CLANG_WARN_OBJC_LITERAL_CONVERSION = YES;
				CLANG_WARN_OBJC_ROOT_CLASS = YES_ERROR;
				CLANG_WARN_RANGE_LOOP_ANALYSIS = YES;
				CLANG_WARN_STRICT_PROTOTYPES = YES;
				CLANG_WARN_SUSPICIOUS_MOVE = YES;
				CLANG_WARN_UNGUARDED_AVAILABILITY = YES_AGGRESSIVE;
				CLANG_WARN_UNREACHABLE_CODE = YES;
				CLANG_WARN__DUPLICATE_METHOD_MATCH = YES;
				COPY_PHASE_STRIP = NO;
				DEBUG_INFORMATION_FORMAT = dwarf;
				ENABLE_STRICT_OBJC_MSGSEND = YES;
				ENABLE_TESTABILITY = YES;
				GCC_C_LANGUAGE_STANDARD = gnu11;
				GCC_DYNAMIC_NO_PIC = NO;
				GCC_NO_COMMON_BLOCKS = YES;
				GCC_OPTIMIZATION_LEVEL = 0;
				GCC_PREPROCESSOR_DEFINITIONS = (
					"DEBUG=1",
					"$(inherited)",
				);
				GCC_WARN_64_TO_32_BIT_CONVERSION = YES;
				GCC_WARN_ABOUT_RETURN_TYPE = YES_ERROR;
				GCC_WARN_UNDECLARED_SELECTOR = YES;
				GCC_WARN_UNINITIALIZED_AUTOS = YES_AGGRESSIVE;
				GCC_WARN_UNUSED_FUNCTION = YES;
				GCC_WARN_UNUSED_VARIABLE = YES;
				IPHONEOS_DEPLOYMENT_TARGET = 10.0;
				MTL_ENABLE_DEBUG_INFO = INCLUDE_SOURCE;
				MTL_FAST_MATH = YES;
				ONLY_ACTIVE_ARCH = YES;
				SDKROOT = iphoneos;
			};
			name = Debug;
		};
		5B23CD8C2570DEE100402BC7 /* Release */ = {
			isa = XCBuildConfiguration;
			buildSettings = {
				ALWAYS_SEARCH_USER_PATHS = NO;
				CLANG_ANALYZER_NONNULL = YES;
				CLANG_ANALYZER_NUMBER_OBJECT_CONVERSION = YES_AGGRESSIVE;
				CLANG_CXX_LANGUAGE_STANDARD = "gnu++14";
				CLANG_CXX_LIBRARY = "libc++";
				CLANG_ENABLE_MODULES = YES;
				CLANG_ENABLE_OBJC_ARC = YES;
				CLANG_ENABLE_OBJC_WEAK = YES;
				CLANG_WARN_BLOCK_CAPTURE_AUTORELEASING = YES;
				CLANG_WARN_BOOL_CONVERSION = YES;
				CLANG_WARN_COMMA = YES;
				CLANG_WARN_CONSTANT_CONVERSION = YES;
				CLANG_WARN_DEPRECATED_OBJC_IMPLEMENTATIONS = YES;
				CLANG_WARN_DIRECT_OBJC_ISA_USAGE = YES_ERROR;
				CLANG_WARN_DOCUMENTATION_COMMENTS = YES;
				CLANG_WARN_EMPTY_BODY = YES;
				CLANG_WARN_ENUM_CONVERSION = YES;
				CLANG_WARN_INFINITE_RECURSION = YES;
				CLANG_WARN_INT_CONVERSION = YES;
				CLANG_WARN_NON_LITERAL_NULL_CONVERSION = YES;
				CLANG_WARN_OBJC_IMPLICIT_RETAIN_SELF = YES;
				CLANG_WARN_OBJC_LITERAL_CONVERSION = YES;
				CLANG_WARN_OBJC_ROOT_CLASS = YES_ERROR;
				CLANG_WARN_RANGE_LOOP_ANALYSIS = YES;
				CLANG_WARN_STRICT_PROTOTYPES = YES;
				CLANG_WARN_SUSPICIOUS_MOVE = YES;
				CLANG_WARN_UNGUARDED_AVAILABILITY = YES_AGGRESSIVE;
				CLANG_WARN_UNREACHABLE_CODE = YES;
				CLANG_WARN__DUPLICATE_METHOD_MATCH = YES;
				COPY_PHASE_STRIP = NO;
				DEBUG_INFORMATION_FORMAT = "dwarf-with-dsym";
				ENABLE_NS_ASSERTIONS = NO;
				ENABLE_STRICT_OBJC_MSGSEND = YES;
				GCC_C_LANGUAGE_STANDARD = gnu11;
				GCC_NO_COMMON_BLOCKS = YES;
				GCC_WARN_64_TO_32_BIT_CONVERSION = YES;
				GCC_WARN_ABOUT_RETURN_TYPE = YES_ERROR;
				GCC_WARN_UNDECLARED_SELECTOR = YES;
				GCC_WARN_UNINITIALIZED_AUTOS = YES_AGGRESSIVE;
				GCC_WARN_UNUSED_FUNCTION = YES;
				GCC_WARN_UNUSED_VARIABLE = YES;
				IPHONEOS_DEPLOYMENT_TARGET = 10.0;
				MTL_ENABLE_DEBUG_INFO = NO;
				MTL_FAST_MATH = YES;
				SDKROOT = iphoneos;
				VALIDATE_PRODUCT = YES;
			};
			name = Release;
		};
		5B23CD8E2570DEE100402BC7 /* Debug */ = {
			isa = XCBuildConfiguration;
			buildSettings = {
				ASSETCATALOG_COMPILER_APPICON_NAME = AppIcon;
				CODE_SIGN_STYLE = Automatic;
				DEVELOPMENT_TEAM = BE6GZ7BGL6;
				GCC_PREFIX_HEADER = "/Users/xieyujia/Desktop/heyujia的gitHub/HYJADCrash/HYJADCrashDemo/HYJADCrash.pch";
				INFOPLIST_FILE = HYJADCrashDemo/Info.plist;
				IPHONEOS_DEPLOYMENT_TARGET = 10.0;
				LD_RUNPATH_SEARCH_PATHS = (
					"$(inherited)",
					"@executable_path/Frameworks",
				);
				PRODUCT_BUNDLE_IDENTIFIER = heyujia.HYJADCrashDemo;
				PRODUCT_NAME = "$(TARGET_NAME)";
				TARGETED_DEVICE_FAMILY = "1,2";
			};
			name = Debug;
		};
		5B23CD8F2570DEE100402BC7 /* Release */ = {
			isa = XCBuildConfiguration;
			buildSettings = {
				ASSETCATALOG_COMPILER_APPICON_NAME = AppIcon;
				CODE_SIGN_STYLE = Automatic;
				DEVELOPMENT_TEAM = BE6GZ7BGL6;
				GCC_PREFIX_HEADER = "/Users/xieyujia/Desktop/heyujia的gitHub/HYJADCrash/HYJADCrashDemo/HYJADCrash.pch";
				INFOPLIST_FILE = HYJADCrashDemo/Info.plist;
				IPHONEOS_DEPLOYMENT_TARGET = 10.0;
				LD_RUNPATH_SEARCH_PATHS = (
					"$(inherited)",
					"@executable_path/Frameworks",
				);
				PRODUCT_BUNDLE_IDENTIFIER = heyujia.HYJADCrashDemo;
				PRODUCT_NAME = "$(TARGET_NAME)";
				TARGETED_DEVICE_FAMILY = "1,2";
			};
			name = Release;
		};
/* End XCBuildConfiguration section */

/* Begin XCConfigurationList section */
		5B23CD6F2570DEDD00402BC7 /* Build configuration list for PBXProject "HYJADCrashDemo" */ = {
			isa = XCConfigurationList;
			buildConfigurations = (
				5B23CD8B2570DEE100402BC7 /* Debug */,
				5B23CD8C2570DEE100402BC7 /* Release */,
			);
			defaultConfigurationIsVisible = 0;
			defaultConfigurationName = Release;
		};
		5B23CD8D2570DEE100402BC7 /* Build configuration list for PBXNativeTarget "HYJADCrashDemo" */ = {
			isa = XCConfigurationList;
			buildConfigurations = (
				5B23CD8E2570DEE100402BC7 /* Debug */,
				5B23CD8F2570DEE100402BC7 /* Release */,
			);
			defaultConfigurationIsVisible = 0;
			defaultConfigurationName = Release;
		};
/* End XCConfigurationList section */
	};
	rootObject = 5B23CD6C2570DEDD00402BC7 /* Project object */;
}
